// !$*UTF8*$!
{
	archiveVersion = 1;
	classes = {
	};
	objectVersion = 51;
	objects = {

/* Begin PBXBuildFile section */
		1406E1515DFA87C8E6DE18C6 /* Pods_coredata_example.framework in Frameworks */ = {isa = PBXBuildFile; fileRef = 0E1EAC8A2776AA781AD8A8B8 /* Pods_coredata_example.framework */; };
		CA137254299B6114003377ED /* coredata_exampleApp.swift in Sources */ = {isa = PBXBuildFile; fileRef = CA137253299B6114003377ED /* coredata_exampleApp.swift */; };
		CA137256299B6114003377ED /* ContentView.swift in Sources */ = {isa = PBXBuildFile; fileRef = CA137255299B6114003377ED /* ContentView.swift */; };
		CA137258299B6115003377ED /* Assets.xcassets in Resources */ = {isa = PBXBuildFile; fileRef = CA137257299B6115003377ED /* Assets.xcassets */; };
		CA13725B299B6115003377ED /* Preview Assets.xcassets in Resources */ = {isa = PBXBuildFile; fileRef = CA13725A299B6115003377ED /* Preview Assets.xcassets */; };
		CA13726D299B63A5003377ED /* temp.txt in Resources */ = {isa = PBXBuildFile; fileRef = CA13726C299B63A5003377ED /* temp.txt */; };
		CA137273299B7246003377ED /* color+extension.swift in Sources */ = {isa = PBXBuildFile; fileRef = CA137272299B7246003377ED /* color+extension.swift */; };
		CA137277299B73A2003377ED /* MenuScreen.swift in Sources */ = {isa = PBXBuildFile; fileRef = CA137276299B73A2003377ED /* MenuScreen.swift */; };
		CA1372A3299B77B4003377ED /* APIError.swift in Sources */ = {isa = PBXBuildFile; fileRef = CA13729B299B77B4003377ED /* APIError.swift */; };
		CA1372A4299B77B4003377ED /* Reachability.swift in Sources */ = {isa = PBXBuildFile; fileRef = CA13729C299B77B4003377ED /* Reachability.swift */; };
		CA1372A5299B77B4003377ED /* EmptyBody.swift in Sources */ = {isa = PBXBuildFile; fileRef = CA13729D299B77B4003377ED /* EmptyBody.swift */; };
		CA1372A6299B77B4003377ED /* HttpService.swift in Sources */ = {isa = PBXBuildFile; fileRef = CA13729E299B77B4003377ED /* HttpService.swift */; };
		CA1372B4299B787B003377ED /* BaseResponse.swift in Sources */ = {isa = PBXBuildFile; fileRef = CA1372B3299B787B003377ED /* BaseResponse.swift */; };
		CA1372C1299B7B4A003377ED /* MenuScreenViewModel.swift in Sources */ = {isa = PBXBuildFile; fileRef = CA1372C0299B7B4A003377ED /* MenuScreenViewModel.swift */; };
		CA1372C7299B7CC9003377ED /* MenuService.swift in Sources */ = {isa = PBXBuildFile; fileRef = CA1372C6299B7CC9003377ED /* MenuService.swift */; };
		CA1372CD299B8051003377ED /* ProductDTO.swift in Sources */ = {isa = PBXBuildFile; fileRef = CA1372CC299B8051003377ED /* ProductDTO.swift */; };
		CA1372D0299B8110003377ED /* SubCategoryDTO.swift in Sources */ = {isa = PBXBuildFile; fileRef = CA1372CF299B8110003377ED /* SubCategoryDTO.swift */; };
		CA1372D3299B81BB003377ED /* CategoryDTO.swift in Sources */ = {isa = PBXBuildFile; fileRef = CA1372D2299B81BB003377ED /* CategoryDTO.swift */; };
		CA1372D7299B84CF003377ED /* Product.swift in Sources */ = {isa = PBXBuildFile; fileRef = CA1372D6299B84CF003377ED /* Product.swift */; };
		CA1372DA299B8850003377ED /* SubCategory.swift in Sources */ = {isa = PBXBuildFile; fileRef = CA1372D9299B8850003377ED /* SubCategory.swift */; };
		CA1372DD299B8909003377ED /* Category.swift in Sources */ = {isa = PBXBuildFile; fileRef = CA1372DC299B8909003377ED /* Category.swift */; };
		CA1372E0299B8A27003377ED /* RestaurantMenu.swift in Sources */ = {isa = PBXBuildFile; fileRef = CA1372DF299B8A27003377ED /* RestaurantMenu.swift */; };
		CA1372E4299B8B45003377ED /* MenuApiService.swift in Sources */ = {isa = PBXBuildFile; fileRef = CA1372E3299B8B45003377ED /* MenuApiService.swift */; };
		CA1372E8299B9AE9003377ED /* MenuRepository.swift in Sources */ = {isa = PBXBuildFile; fileRef = CA1372E7299B9AE9003377ED /* MenuRepository.swift */; };
		CA1372EC299B9BA7003377ED /* MenuRepositoryImpl.swift in Sources */ = {isa = PBXBuildFile; fileRef = CA1372EB299B9BA7003377ED /* MenuRepositoryImpl.swift */; };
		CA1372F0299B9E96003377ED /* EndPoints.swift in Sources */ = {isa = PBXBuildFile; fileRef = CA1372EF299B9E96003377ED /* EndPoints.swift */; };
		CA1372F4299BA6FC003377ED /* ErrorView.swift in Sources */ = {isa = PBXBuildFile; fileRef = CA1372F3299BA6FC003377ED /* ErrorView.swift */; };
		CA1372F7299BABA1003377ED /* LoadingView.swift in Sources */ = {isa = PBXBuildFile; fileRef = CA1372F6299BABA1003377ED /* LoadingView.swift */; };
		CA1372FD299BB396003377ED /* MenuDB.xcdatamodeld in Sources */ = {isa = PBXBuildFile; fileRef = CA1372FB299BB396003377ED /* MenuDB.xcdatamodeld */; };
		CA137302299BBA39003377ED /* CoreDataManager.swift in Sources */ = {isa = PBXBuildFile; fileRef = CA137301299BBA39003377ED /* CoreDataManager.swift */; };
		CA164B7D29A2115B00E1F7A1 /* UrlImage.swift in Sources */ = {isa = PBXBuildFile; fileRef = CA164B7C29A2115B00E1F7A1 /* UrlImage.swift */; };
		CA164B8029A21A0700E1F7A1 /* AnimatedSlide.swift in Sources */ = {isa = PBXBuildFile; fileRef = CA164B7F29A21A0700E1F7A1 /* AnimatedSlide.swift */; };
		CA164B8329A22D2800E1F7A1 /* CartButton.swift in Sources */ = {isa = PBXBuildFile; fileRef = CA164B8229A22D2800E1F7A1 /* CartButton.swift */; };
		CA164B8629A23C0700E1F7A1 /* ShakedBadge.swift in Sources */ = {isa = PBXBuildFile; fileRef = CA164B8529A23C0700E1F7A1 /* ShakedBadge.swift */; };
		CA1D8DAA299E1B24004EDF28 /* CategoryButton.swift in Sources */ = {isa = PBXBuildFile; fileRef = CA1D8DA9299E1B24004EDF28 /* CategoryButton.swift */; };
		CA1D8DAF299E1E0E004EDF28 /* product_model.json in Resources */ = {isa = PBXBuildFile; fileRef = CA1D8DAE299E1E0E004EDF28 /* product_model.json */; };
		CA1D8DB3299E1E98004EDF28 /* subcategory_model.json in Resources */ = {isa = PBXBuildFile; fileRef = CA1D8DB2299E1E98004EDF28 /* subcategory_model.json */; };
		CA1D8DB6299E1EF2004EDF28 /* category_model.json in Resources */ = {isa = PBXBuildFile; fileRef = CA1D8DB5299E1EF2004EDF28 /* category_model.json */; };
		CA1D8DB9299E1FE7004EDF28 /* Bundle+Extension.swift in Sources */ = {isa = PBXBuildFile; fileRef = CA1D8DB8299E1FE6004EDF28 /* Bundle+Extension.swift */; };
		CA1D8DBC299E231C004EDF28 /* ProductListItem.swift in Sources */ = {isa = PBXBuildFile; fileRef = CA1D8DBB299E231C004EDF28 /* ProductListItem.swift */; };
		CA1D8DBF299E352D004EDF28 /* CustomCornerShape.swift in Sources */ = {isa = PBXBuildFile; fileRef = CA1D8DBE299E352D004EDF28 /* CustomCornerShape.swift */; };
		CA1D8DC2299E4B54004EDF28 /* FlippingText.swift in Sources */ = {isa = PBXBuildFile; fileRef = CA1D8DC1299E4B54004EDF28 /* FlippingText.swift */; };
		CA690A20299E51AC007D88B6 /* VerticalText.swift in Sources */ = {isa = PBXBuildFile; fileRef = CA690A1F299E51AC007D88B6 /* VerticalText.swift */; };
		CA690A23299E5203007D88B6 /* VerticalCategoriesBar.swift in Sources */ = {isa = PBXBuildFile; fileRef = CA690A22299E5203007D88B6 /* VerticalCategoriesBar.swift */; };
/* End PBXBuildFile section */

/* Begin PBXFileReference section */
		0E1EAC8A2776AA781AD8A8B8 /* Pods_coredata_example.framework */ = {isa = PBXFileReference; explicitFileType = wrapper.framework; includeInIndex = 0; path = Pods_coredata_example.framework; sourceTree = BUILT_PRODUCTS_DIR; };
		6B2C2D4BD5482D78BB1C95F9 /* Pods-coredata_example.release.xcconfig */ = {isa = PBXFileReference; includeInIndex = 1; lastKnownFileType = text.xcconfig; name = "Pods-coredata_example.release.xcconfig"; path = "Target Support Files/Pods-coredata_example/Pods-coredata_example.release.xcconfig"; sourceTree = "<group>"; };
		C13E92ED4F586E55648ABC70 /* Pods-coredata_example.debug.xcconfig */ = {isa = PBXFileReference; includeInIndex = 1; lastKnownFileType = text.xcconfig; name = "Pods-coredata_example.debug.xcconfig"; path = "Target Support Files/Pods-coredata_example/Pods-coredata_example.debug.xcconfig"; sourceTree = "<group>"; };
		CA137250299B6114003377ED /* coredata_example.app */ = {isa = PBXFileReference; explicitFileType = wrapper.application; includeInIndex = 0; path = coredata_example.app; sourceTree = BUILT_PRODUCTS_DIR; };
		CA137253299B6114003377ED /* coredata_exampleApp.swift */ = {isa = PBXFileReference; lastKnownFileType = sourcecode.swift; path = coredata_exampleApp.swift; sourceTree = "<group>"; };
		CA137255299B6114003377ED /* ContentView.swift */ = {isa = PBXFileReference; lastKnownFileType = sourcecode.swift; path = ContentView.swift; sourceTree = "<group>"; };
		CA137257299B6115003377ED /* Assets.xcassets */ = {isa = PBXFileReference; lastKnownFileType = folder.assetcatalog; path = Assets.xcassets; sourceTree = "<group>"; };
		CA13725A299B6115003377ED /* Preview Assets.xcassets */ = {isa = PBXFileReference; lastKnownFileType = folder.assetcatalog; path = "Preview Assets.xcassets"; sourceTree = "<group>"; };
		CA13725C299B6115003377ED /* Info.plist */ = {isa = PBXFileReference; lastKnownFileType = text.plist.xml; path = Info.plist; sourceTree = "<group>"; };
		CA13726C299B63A5003377ED /* temp.txt */ = {isa = PBXFileReference; lastKnownFileType = text; path = temp.txt; sourceTree = "<group>"; };
		CA137272299B7246003377ED /* color+extension.swift */ = {isa = PBXFileReference; lastKnownFileType = sourcecode.swift; path = "color+extension.swift"; sourceTree = "<group>"; };
		CA137276299B73A2003377ED /* MenuScreen.swift */ = {isa = PBXFileReference; lastKnownFileType = sourcecode.swift; path = MenuScreen.swift; sourceTree = "<group>"; };
		CA13729B299B77B4003377ED /* APIError.swift */ = {isa = PBXFileReference; fileEncoding = 4; lastKnownFileType = sourcecode.swift; path = APIError.swift; sourceTree = "<group>"; };
		CA13729C299B77B4003377ED /* Reachability.swift */ = {isa = PBXFileReference; fileEncoding = 4; lastKnownFileType = sourcecode.swift; path = Reachability.swift; sourceTree = "<group>"; };
		CA13729D299B77B4003377ED /* EmptyBody.swift */ = {isa = PBXFileReference; fileEncoding = 4; lastKnownFileType = sourcecode.swift; path = EmptyBody.swift; sourceTree = "<group>"; };
		CA13729E299B77B4003377ED /* HttpService.swift */ = {isa = PBXFileReference; fileEncoding = 4; lastKnownFileType = sourcecode.swift; path = HttpService.swift; sourceTree = "<group>"; };
		CA1372B3299B787B003377ED /* BaseResponse.swift */ = {isa = PBXFileReference; fileEncoding = 4; lastKnownFileType = sourcecode.swift; path = BaseResponse.swift; sourceTree = "<group>"; };
		CA1372C0299B7B4A003377ED /* MenuScreenViewModel.swift */ = {isa = PBXFileReference; lastKnownFileType = sourcecode.swift; path = MenuScreenViewModel.swift; sourceTree = "<group>"; };
		CA1372C6299B7CC9003377ED /* MenuService.swift */ = {isa = PBXFileReference; lastKnownFileType = sourcecode.swift; path = MenuService.swift; sourceTree = "<group>"; };
		CA1372CC299B8051003377ED /* ProductDTO.swift */ = {isa = PBXFileReference; lastKnownFileType = sourcecode.swift; path = ProductDTO.swift; sourceTree = "<group>"; };
		CA1372CF299B8110003377ED /* SubCategoryDTO.swift */ = {isa = PBXFileReference; lastKnownFileType = sourcecode.swift; path = SubCategoryDTO.swift; sourceTree = "<group>"; };
		CA1372D2299B81BB003377ED /* CategoryDTO.swift */ = {isa = PBXFileReference; lastKnownFileType = sourcecode.swift; path = CategoryDTO.swift; sourceTree = "<group>"; };
		CA1372D6299B84CF003377ED /* Product.swift */ = {isa = PBXFileReference; lastKnownFileType = sourcecode.swift; path = Product.swift; sourceTree = "<group>"; };
		CA1372D9299B8850003377ED /* SubCategory.swift */ = {isa = PBXFileReference; lastKnownFileType = sourcecode.swift; path = SubCategory.swift; sourceTree = "<group>"; };
		CA1372DC299B8909003377ED /* Category.swift */ = {isa = PBXFileReference; lastKnownFileType = sourcecode.swift; path = Category.swift; sourceTree = "<group>"; };
		CA1372DF299B8A27003377ED /* RestaurantMenu.swift */ = {isa = PBXFileReference; lastKnownFileType = sourcecode.swift; path = RestaurantMenu.swift; sourceTree = "<group>"; };
		CA1372E3299B8B45003377ED /* MenuApiService.swift */ = {isa = PBXFileReference; lastKnownFileType = sourcecode.swift; path = MenuApiService.swift; sourceTree = "<group>"; };
		CA1372E7299B9AE9003377ED /* MenuRepository.swift */ = {isa = PBXFileReference; lastKnownFileType = sourcecode.swift; path = MenuRepository.swift; sourceTree = "<group>"; };
		CA1372EB299B9BA7003377ED /* MenuRepositoryImpl.swift */ = {isa = PBXFileReference; lastKnownFileType = sourcecode.swift; path = MenuRepositoryImpl.swift; sourceTree = "<group>"; };
		CA1372EF299B9E96003377ED /* EndPoints.swift */ = {isa = PBXFileReference; lastKnownFileType = sourcecode.swift; path = EndPoints.swift; sourceTree = "<group>"; };
		CA1372F3299BA6FC003377ED /* ErrorView.swift */ = {isa = PBXFileReference; fileEncoding = 4; lastKnownFileType = sourcecode.swift; path = ErrorView.swift; sourceTree = "<group>"; };
		CA1372F6299BABA1003377ED /* LoadingView.swift */ = {isa = PBXFileReference; lastKnownFileType = sourcecode.swift; path = LoadingView.swift; sourceTree = "<group>"; };
		CA1372FC299BB396003377ED /* ProductEntity.xcdatamodel */ = {isa = PBXFileReference; lastKnownFileType = wrapper.xcdatamodel; path = ProductEntity.xcdatamodel; sourceTree = "<group>"; };
		CA137301299BBA39003377ED /* CoreDataManager.swift */ = {isa = PBXFileReference; lastKnownFileType = sourcecode.swift; path = CoreDataManager.swift; sourceTree = "<group>"; };
		CA164B7C29A2115B00E1F7A1 /* UrlImage.swift */ = {isa = PBXFileReference; lastKnownFileType = sourcecode.swift; path = UrlImage.swift; sourceTree = "<group>"; };
		CA164B7F29A21A0700E1F7A1 /* AnimatedSlide.swift */ = {isa = PBXFileReference; lastKnownFileType = sourcecode.swift; path = AnimatedSlide.swift; sourceTree = "<group>"; };
		CA164B8229A22D2800E1F7A1 /* CartButton.swift */ = {isa = PBXFileReference; lastKnownFileType = sourcecode.swift; path = CartButton.swift; sourceTree = "<group>"; };
		CA164B8529A23C0700E1F7A1 /* ShakedBadge.swift */ = {isa = PBXFileReference; lastKnownFileType = sourcecode.swift; path = ShakedBadge.swift; sourceTree = "<group>"; };
		CA1D8DA9299E1B24004EDF28 /* CategoryButton.swift */ = {isa = PBXFileReference; lastKnownFileType = sourcecode.swift; path = CategoryButton.swift; sourceTree = "<group>"; };
		CA1D8DAE299E1E0E004EDF28 /* product_model.json */ = {isa = PBXFileReference; lastKnownFileType = text.json; path = product_model.json; sourceTree = "<group>"; };
		CA1D8DB2299E1E98004EDF28 /* subcategory_model.json */ = {isa = PBXFileReference; lastKnownFileType = text.json; path = subcategory_model.json; sourceTree = "<group>"; };
		CA1D8DB5299E1EF2004EDF28 /* category_model.json */ = {isa = PBXFileReference; lastKnownFileType = text.json; path = category_model.json; sourceTree = "<group>"; };
		CA1D8DB8299E1FE6004EDF28 /* Bundle+Extension.swift */ = {isa = PBXFileReference; fileEncoding = 4; lastKnownFileType = sourcecode.swift; path = "Bundle+Extension.swift"; sourceTree = "<group>"; };
		CA1D8DBB299E231C004EDF28 /* ProductListItem.swift */ = {isa = PBXFileReference; lastKnownFileType = sourcecode.swift; path = ProductListItem.swift; sourceTree = "<group>"; };
		CA1D8DBE299E352D004EDF28 /* CustomCornerShape.swift */ = {isa = PBXFileReference; fileEncoding = 4; lastKnownFileType = sourcecode.swift; path = CustomCornerShape.swift; sourceTree = "<group>"; };
		CA1D8DC1299E4B54004EDF28 /* FlippingText.swift */ = {isa = PBXFileReference; lastKnownFileType = sourcecode.swift; path = FlippingText.swift; sourceTree = "<group>"; };
		CA690A1F299E51AC007D88B6 /* VerticalText.swift */ = {isa = PBXFileReference; fileEncoding = 4; lastKnownFileType = sourcecode.swift; path = VerticalText.swift; sourceTree = "<group>"; };
		CA690A22299E5203007D88B6 /* VerticalCategoriesBar.swift */ = {isa = PBXFileReference; lastKnownFileType = sourcecode.swift; path = VerticalCategoriesBar.swift; sourceTree = "<group>"; };
/* End PBXFileReference section */

/* Begin PBXFrameworksBuildPhase section */
		CA13724D299B6114003377ED /* Frameworks */ = {
			isa = PBXFrameworksBuildPhase;
			buildActionMask = 2147483647;
			files = (
				1406E1515DFA87C8E6DE18C6 /* Pods_coredata_example.framework in Frameworks */,
			);
			runOnlyForDeploymentPostprocessing = 0;
		};
/* End PBXFrameworksBuildPhase section */

/* Begin PBXGroup section */
		1887024C76EAD9151F0854BA /* Frameworks */ = {
			isa = PBXGroup;
			children = (
				0E1EAC8A2776AA781AD8A8B8 /* Pods_coredata_example.framework */,
			);
			name = Frameworks;
			sourceTree = "<group>";
		};
		CA137247299B6114003377ED = {
			isa = PBXGroup;
			children = (
				CA137252299B6114003377ED /* coredata_example */,
				CA137251299B6114003377ED /* Products */,
				E5DF59ACE7DF50A4E39F8A7B /* Pods */,
				1887024C76EAD9151F0854BA /* Frameworks */,
			);
			sourceTree = "<group>";
		};
		CA137251299B6114003377ED /* Products */ = {
			isa = PBXGroup;
			children = (
				CA137250299B6114003377ED /* coredata_example.app */,
			);
			name = Products;
			sourceTree = "<group>";
		};
		CA137252299B6114003377ED /* coredata_example */ = {
			isa = PBXGroup;
			children = (
				CA1372F9299BB352003377ED /* coredata */,
				CA1372F2299BA6EE003377ED /* views */,
				CA137271299B721F003377ED /* extensions */,
				CA137265299B619A003377ED /* helpers */,
				CA137264299B6177003377ED /* features */,
				CA137263299B6150003377ED /* resources */,
				CA13725C299B6115003377ED /* Info.plist */,
				CA137259299B6115003377ED /* Preview Content */,
			);
			path = coredata_example;
			sourceTree = "<group>";
		};
		CA137259299B6115003377ED /* Preview Content */ = {
			isa = PBXGroup;
			children = (
				CA13725A299B6115003377ED /* Preview Assets.xcassets */,
			);
			path = "Preview Content";
			sourceTree = "<group>";
		};
		CA137263299B6150003377ED /* resources */ = {
			isa = PBXGroup;
			children = (
				CA1D8DAD299E1DE0004EDF28 /* jsons */,
				CA137257299B6115003377ED /* Assets.xcassets */,
				CA137253299B6114003377ED /* coredata_exampleApp.swift */,
			);
			path = resources;
			sourceTree = "<group>";
		};
		CA137264299B6177003377ED /* features */ = {
			isa = PBXGroup;
			children = (
				CA137275299B736F003377ED /* menuScreen */,
				CA137266299B6271003377ED /* launch */,
			);
			path = features;
			sourceTree = "<group>";
		};
		CA137265299B619A003377ED /* helpers */ = {
			isa = PBXGroup;
			children = (
				CA137294299B77B4003377ED /* Networking */,
				CA1372EF299B9E96003377ED /* EndPoints.swift */,
				CA137301299BBA39003377ED /* CoreDataManager.swift */,
			);
			path = helpers;
			sourceTree = "<group>";
		};
		CA137266299B6271003377ED /* launch */ = {
			isa = PBXGroup;
			children = (
				CA137255299B6114003377ED /* ContentView.swift */,
				CA13726C299B63A5003377ED /* temp.txt */,
			);
			path = launch;
			sourceTree = "<group>";
		};
		CA137271299B721F003377ED /* extensions */ = {
			isa = PBXGroup;
			children = (
				CA1D8DB8299E1FE6004EDF28 /* Bundle+Extension.swift */,
				CA137272299B7246003377ED /* color+extension.swift */,
			);
			path = extensions;
			sourceTree = "<group>";
		};
		CA137275299B736F003377ED /* menuScreen */ = {
			isa = PBXGroup;
			children = (
				CA1372BD299B7AA2003377ED /* data */,
				CA1372BE299B7B14003377ED /* domain */,
				CA1372BF299B7B1F003377ED /* presentation */,
				CA137276299B73A2003377ED /* MenuScreen.swift */,
			);
			path = menuScreen;
			sourceTree = "<group>";
		};
		CA137294299B77B4003377ED /* Networking */ = {
			isa = PBXGroup;
			children = (
				CA13729B299B77B4003377ED /* APIError.swift */,
				CA13729C299B77B4003377ED /* Reachability.swift */,
				CA13729D299B77B4003377ED /* EmptyBody.swift */,
				CA1372B3299B787B003377ED /* BaseResponse.swift */,
				CA13729E299B77B4003377ED /* HttpService.swift */,
			);
			path = Networking;
			sourceTree = "<group>";
		};
		CA1372BD299B7AA2003377ED /* data */ = {
			isa = PBXGroup;
			children = (
				CA1372EA299B9B8B003377ED /* repository */,
				CA1372CA299B8032003377ED /* remote */,
			);
			path = data;
			sourceTree = "<group>";
		};
		CA1372BE299B7B14003377ED /* domain */ = {
			isa = PBXGroup;
			children = (
				CA1372D5299B84BB003377ED /* models */,
				CA1372C5299B7CB4003377ED /* service */,
				CA1372C4299B7CAA003377ED /* repository */,
			);
			path = domain;
			sourceTree = "<group>";
		};
		CA1372BF299B7B1F003377ED /* presentation */ = {
			isa = PBXGroup;
			children = (
				CA1D8DA8299E1B06004EDF28 /* views */,
				CA1372C0299B7B4A003377ED /* MenuScreenViewModel.swift */,
			);
			path = presentation;
			sourceTree = "<group>";
		};
		CA1372C4299B7CAA003377ED /* repository */ = {
			isa = PBXGroup;
			children = (
				CA1372E7299B9AE9003377ED /* MenuRepository.swift */,
			);
			path = repository;
			sourceTree = "<group>";
		};
		CA1372C5299B7CB4003377ED /* service */ = {
			isa = PBXGroup;
			children = (
				CA1372C6299B7CC9003377ED /* MenuService.swift */,
			);
			path = service;
			sourceTree = "<group>";
		};
		CA1372CA299B8032003377ED /* remote */ = {
			isa = PBXGroup;
			children = (
				CA1372E2299B8B29003377ED /* MenuApiService */,
				CA1372CB299B8039003377ED /* dtos */,
			);
			path = remote;
			sourceTree = "<group>";
		};
		CA1372CB299B8039003377ED /* dtos */ = {
			isa = PBXGroup;
			children = (
				CA1372CC299B8051003377ED /* ProductDTO.swift */,
				CA1372CF299B8110003377ED /* SubCategoryDTO.swift */,
				CA1372D2299B81BB003377ED /* CategoryDTO.swift */,
			);
			path = dtos;
			sourceTree = "<group>";
		};
		CA1372D5299B84BB003377ED /* models */ = {
			isa = PBXGroup;
			children = (
				CA1372D6299B84CF003377ED /* Product.swift */,
				CA1372D9299B8850003377ED /* SubCategory.swift */,
				CA1372DC299B8909003377ED /* Category.swift */,
				CA1372DF299B8A27003377ED /* RestaurantMenu.swift */,
			);
			path = models;
			sourceTree = "<group>";
		};
		CA1372E2299B8B29003377ED /* MenuApiService */ = {
			isa = PBXGroup;
			children = (
				CA1372E3299B8B45003377ED /* MenuApiService.swift */,
			);
			path = MenuApiService;
			sourceTree = "<group>";
		};
		CA1372EA299B9B8B003377ED /* repository */ = {
			isa = PBXGroup;
			children = (
				CA1372EB299B9BA7003377ED /* MenuRepositoryImpl.swift */,
			);
			path = repository;
			sourceTree = "<group>";
		};
		CA1372F2299BA6EE003377ED /* views */ = {
			isa = PBXGroup;
			children = (
				CA1D8DBE299E352D004EDF28 /* CustomCornerShape.swift */,
				CA690A1F299E51AC007D88B6 /* VerticalText.swift */,
				CA1372F3299BA6FC003377ED /* ErrorView.swift */,
				CA1372F6299BABA1003377ED /* LoadingView.swift */,
				CA164B7C29A2115B00E1F7A1 /* UrlImage.swift */,
				CA164B7F29A21A0700E1F7A1 /* AnimatedSlide.swift */,
				CA164B8529A23C0700E1F7A1 /* ShakedBadge.swift */,
			);
			path = views;
			sourceTree = "<group>";
		};
		CA1372F9299BB352003377ED /* coredata */ = {
			isa = PBXGroup;
			children = (
				CA1372FB299BB396003377ED /* MenuDB.xcdatamodeld */,
			);
			path = coredata;
			sourceTree = "<group>";
		};
		CA1D8DA8299E1B06004EDF28 /* views */ = {
			isa = PBXGroup;
			children = (
				CA1D8DA9299E1B24004EDF28 /* CategoryButton.swift */,
				CA1D8DBB299E231C004EDF28 /* ProductListItem.swift */,
				CA164B8229A22D2800E1F7A1 /* CartButton.swift */,
				CA1D8DC1299E4B54004EDF28 /* FlippingText.swift */,
				CA690A22299E5203007D88B6 /* VerticalCategoriesBar.swift */,
			);
			path = views;
			sourceTree = "<group>";
		};
		CA1D8DAD299E1DE0004EDF28 /* jsons */ = {
			isa = PBXGroup;
			children = (
				CA1D8DAE299E1E0E004EDF28 /* product_model.json */,
				CA1D8DB2299E1E98004EDF28 /* subcategory_model.json */,
				CA1D8DB5299E1EF2004EDF28 /* category_model.json */,
			);
			path = jsons;
			sourceTree = "<group>";
		};
		E5DF59ACE7DF50A4E39F8A7B /* Pods */ = {
			isa = PBXGroup;
			children = (
				C13E92ED4F586E55648ABC70 /* Pods-coredata_example.debug.xcconfig */,
				6B2C2D4BD5482D78BB1C95F9 /* Pods-coredata_example.release.xcconfig */,
			);
			path = Pods;
			sourceTree = "<group>";
		};
/* End PBXGroup section */

/* Begin PBXNativeTarget section */
		CA13724F299B6114003377ED /* coredata_example */ = {
			isa = PBXNativeTarget;
			buildConfigurationList = CA13725F299B6115003377ED /* Build configuration list for PBXNativeTarget "coredata_example" */;
			buildPhases = (
				FB5CE48FCA1ADD05F4CC69FB /* [CP] Check Pods Manifest.lock */,
				CA13724C299B6114003377ED /* Sources */,
				CA13724D299B6114003377ED /* Frameworks */,
				CA13724E299B6114003377ED /* Resources */,
				01937FB4E57EAD6AEA905E85 /* [CP] Embed Pods Frameworks */,
			);
			buildRules = (
			);
			dependencies = (
			);
			name = coredata_example;
			productName = coredata_example;
			productReference = CA137250299B6114003377ED /* coredata_example.app */;
			productType = "com.apple.product-type.application";
		};
/* End PBXNativeTarget section */

/* Begin PBXProject section */
		CA137248299B6114003377ED /* Project object */ = {
			isa = PBXProject;
			attributes = {
				LastSwiftUpdateCheck = 1240;
				LastUpgradeCheck = 1240;
				TargetAttributes = {
					CA13724F299B6114003377ED = {
						CreatedOnToolsVersion = 12.4;
					};
				};
			};
			buildConfigurationList = CA13724B299B6114003377ED /* Build configuration list for PBXProject "coredata_example" */;
			compatibilityVersion = "Xcode 9.3";
			developmentRegion = en;
			hasScannedForEncodings = 0;
			knownRegions = (
				en,
				Base,
			);
			mainGroup = CA137247299B6114003377ED;
			productRefGroup = CA137251299B6114003377ED /* Products */;
			projectDirPath = "";
			projectRoot = "";
			targets = (
				CA13724F299B6114003377ED /* coredata_example */,
			);
		};
/* End PBXProject section */

/* Begin PBXResourcesBuildPhase section */
		CA13724E299B6114003377ED /* Resources */ = {
			isa = PBXResourcesBuildPhase;
			buildActionMask = 2147483647;
			files = (
				CA13725B299B6115003377ED /* Preview Assets.xcassets in Resources */,
				CA13726D299B63A5003377ED /* temp.txt in Resources */,
				CA1D8DB3299E1E98004EDF28 /* subcategory_model.json in Resources */,
				CA137258299B6115003377ED /* Assets.xcassets in Resources */,
				CA1D8DAF299E1E0E004EDF28 /* product_model.json in Resources */,
				CA1D8DB6299E1EF2004EDF28 /* category_model.json in Resources */,
			);
			runOnlyForDeploymentPostprocessing = 0;
		};
/* End PBXResourcesBuildPhase section */

/* Begin PBXShellScriptBuildPhase section */
		01937FB4E57EAD6AEA905E85 /* [CP] Embed Pods Frameworks */ = {
			isa = PBXShellScriptBuildPhase;
			buildActionMask = 2147483647;
			files = (
			);
			inputFileListPaths = (
				"${PODS_ROOT}/Target Support Files/Pods-coredata_example/Pods-coredata_example-frameworks-${CONFIGURATION}-input-files.xcfilelist",
			);
			name = "[CP] Embed Pods Frameworks";
			outputFileListPaths = (
				"${PODS_ROOT}/Target Support Files/Pods-coredata_example/Pods-coredata_example-frameworks-${CONFIGURATION}-output-files.xcfilelist",
			);
			runOnlyForDeploymentPostprocessing = 0;
			shellPath = /bin/sh;
			shellScript = "\"${PODS_ROOT}/Target Support Files/Pods-coredata_example/Pods-coredata_example-frameworks.sh\"\n";
			showEnvVarsInLog = 0;
		};
		FB5CE48FCA1ADD05F4CC69FB /* [CP] Check Pods Manifest.lock */ = {
			isa = PBXShellScriptBuildPhase;
			buildActionMask = 2147483647;
			files = (
			);
			inputFileListPaths = (
			);
			inputPaths = (
				"${PODS_PODFILE_DIR_PATH}/Podfile.lock",
				"${PODS_ROOT}/Manifest.lock",
			);
			name = "[CP] Check Pods Manifest.lock";
			outputFileListPaths = (
			);
			outputPaths = (
				"$(DERIVED_FILE_DIR)/Pods-coredata_example-checkManifestLockResult.txt",
			);
			runOnlyForDeploymentPostprocessing = 0;
			shellPath = /bin/sh;
			shellScript = "diff \"${PODS_PODFILE_DIR_PATH}/Podfile.lock\" \"${PODS_ROOT}/Manifest.lock\" > /dev/null\nif [ $? != 0 ] ; then\n    # print error to STDERR\n    echo \"error: The sandbox is not in sync with the Podfile.lock. Run 'pod install' or update your CocoaPods installation.\" >&2\n    exit 1\nfi\n# This output is used by Xcode 'outputs' to avoid re-running this script phase.\necho \"SUCCESS\" > \"${SCRIPT_OUTPUT_FILE_0}\"\n";
			showEnvVarsInLog = 0;
		};
/* End PBXShellScriptBuildPhase section */

/* Begin PBXSourcesBuildPhase section */
		CA13724C299B6114003377ED /* Sources */ = {
			isa = PBXSourcesBuildPhase;
			buildActionMask = 2147483647;
			files = (
				CA1D8DAA299E1B24004EDF28 /* CategoryButton.swift in Sources */,
				CA137277299B73A2003377ED /* MenuScreen.swift in Sources */,
				CA1372B4299B787B003377ED /* BaseResponse.swift in Sources */,
				CA1372D7299B84CF003377ED /* Product.swift in Sources */,
				CA137273299B7246003377ED /* color+extension.swift in Sources */,
				CA164B8329A22D2800E1F7A1 /* CartButton.swift in Sources */,
				CA164B7D29A2115B00E1F7A1 /* UrlImage.swift in Sources */,
				CA1D8DBF299E352D004EDF28 /* CustomCornerShape.swift in Sources */,
				CA1372E4299B8B45003377ED /* MenuApiService.swift in Sources */,
				CA1372F7299BABA1003377ED /* LoadingView.swift in Sources */,
				CA1372DA299B8850003377ED /* SubCategory.swift in Sources */,
				CA1372D3299B81BB003377ED /* CategoryDTO.swift in Sources */,
				CA1372EC299B9BA7003377ED /* MenuRepositoryImpl.swift in Sources */,
				CA1372F4299BA6FC003377ED /* ErrorView.swift in Sources */,
				CA690A20299E51AC007D88B6 /* VerticalText.swift in Sources */,
				CA1372CD299B8051003377ED /* ProductDTO.swift in Sources */,
				CA1D8DC2299E4B54004EDF28 /* FlippingText.swift in Sources */,
				CA1372A6299B77B4003377ED /* HttpService.swift in Sources */,
				CA1372F0299B9E96003377ED /* EndPoints.swift in Sources */,
				CA690A23299E5203007D88B6 /* VerticalCategoriesBar.swift in Sources */,
				CA1D8DBC299E231C004EDF28 /* ProductListItem.swift in Sources */,
				CA1372C7299B7CC9003377ED /* MenuService.swift in Sources */,
				CA1D8DB9299E1FE7004EDF28 /* Bundle+Extension.swift in Sources */,
				CA164B8629A23C0700E1F7A1 /* ShakedBadge.swift in Sources */,
				CA1372FD299BB396003377ED /* MenuDB.xcdatamodeld in Sources */,
				CA137256299B6114003377ED /* ContentView.swift in Sources */,
				CA137254299B6114003377ED /* coredata_exampleApp.swift in Sources */,
				CA1372E8299B9AE9003377ED /* MenuRepository.swift in Sources */,
				CA1372DD299B8909003377ED /* Category.swift in Sources */,
				CA1372A4299B77B4003377ED /* Reachability.swift in Sources */,
				CA137302299BBA39003377ED /* CoreDataManager.swift in Sources */,
				CA1372C1299B7B4A003377ED /* MenuScreenViewModel.swift in Sources */,
				CA1372A3299B77B4003377ED /* APIError.swift in Sources */,
				CA1372A5299B77B4003377ED /* EmptyBody.swift in Sources */,
				CA1372D0299B8110003377ED /* SubCategoryDTO.swift in Sources */,
				CA164B8029A21A0700E1F7A1 /* AnimatedSlide.swift in Sources */,
				CA1372E0299B8A27003377ED /* RestaurantMenu.swift in Sources */,
			);
			runOnlyForDeploymentPostprocessing = 0;
		};
/* End PBXSourcesBuildPhase section */

/* Begin XCBuildConfiguration section */
		CA13725D299B6115003377ED /* Debug */ = {
			isa = XCBuildConfiguration;
			buildSettings = {
				ALWAYS_SEARCH_USER_PATHS = NO;
				CLANG_ANALYZER_NONNULL = YES;
				CLANG_ANALYZER_NUMBER_OBJECT_CONVERSION = YES_AGGRESSIVE;
				CLANG_CXX_LANGUAGE_STANDARD = "gnu++14";
				CLANG_CXX_LIBRARY = "libc++";
				CLANG_ENABLE_MODULES = YES;
				CLANG_ENABLE_OBJC_ARC = YES;
				CLANG_ENABLE_OBJC_WEAK = YES;
				CLANG_WARN_BLOCK_CAPTURE_AUTORELEASING = YES;
				CLANG_WARN_BOOL_CONVERSION = YES;
				CLANG_WARN_COMMA = YES;
				CLANG_WARN_CONSTANT_CONVERSION = YES;
				CLANG_WARN_DEPRECATED_OBJC_IMPLEMENTATIONS = YES;
				CLANG_WARN_DIRECT_OBJC_ISA_USAGE = YES_ERROR;
				CLANG_WARN_DOCUMENTATION_COMMENTS = YES;
				CLANG_WARN_EMPTY_BODY = YES;
				CLANG_WARN_ENUM_CONVERSION = YES;
				CLANG_WARN_INFINITE_RECURSION = YES;
				CLANG_WARN_INT_CONVERSION = YES;
				CLANG_WARN_NON_LITERAL_NULL_CONVERSION = YES;
				CLANG_WARN_OBJC_IMPLICIT_RETAIN_SELF = YES;
				CLANG_WARN_OBJC_LITERAL_CONVERSION = YES;
				CLANG_WARN_OBJC_ROOT_CLASS = YES_ERROR;
				CLANG_WARN_QUOTED_INCLUDE_IN_FRAMEWORK_HEADER = YES;
				CLANG_WARN_RANGE_LOOP_ANALYSIS = YES;
				CLANG_WARN_STRICT_PROTOTYPES = YES;
				CLANG_WARN_SUSPICIOUS_MOVE = YES;
				CLANG_WARN_UNGUARDED_AVAILABILITY = YES_AGGRESSIVE;
				CLANG_WARN_UNREACHABLE_CODE = YES;
				CLANG_WARN__DUPLICATE_METHOD_MATCH = YES;
				COPY_PHASE_STRIP = NO;
				DEBUG_INFORMATION_FORMAT = dwarf;
				ENABLE_STRICT_OBJC_MSGSEND = YES;
				ENABLE_TESTABILITY = YES;
				GCC_C_LANGUAGE_STANDARD = gnu11;
				GCC_DYNAMIC_NO_PIC = NO;
				GCC_NO_COMMON_BLOCKS = YES;
				GCC_OPTIMIZATION_LEVEL = 0;
				GCC_PREPROCESSOR_DEFINITIONS = (
					"DEBUG=1",
					"$(inherited)",
				);
				GCC_WARN_64_TO_32_BIT_CONVERSION = YES;
				GCC_WARN_ABOUT_RETURN_TYPE = YES_ERROR;
				GCC_WARN_UNDECLARED_SELECTOR = YES;
				GCC_WARN_UNINITIALIZED_AUTOS = YES_AGGRESSIVE;
				GCC_WARN_UNUSED_FUNCTION = YES;
				GCC_WARN_UNUSED_VARIABLE = YES;
				IPHONEOS_DEPLOYMENT_TARGET = 14.4;
				MTL_ENABLE_DEBUG_INFO = INCLUDE_SOURCE;
				MTL_FAST_MATH = YES;
				ONLY_ACTIVE_ARCH = YES;
				SDKROOT = iphoneos;
				SWIFT_ACTIVE_COMPILATION_CONDITIONS = DEBUG;
				SWIFT_OPTIMIZATION_LEVEL = "-Onone";
			};
			name = Debug;
		};
		CA13725E299B6115003377ED /* Release */ = {
			isa = XCBuildConfiguration;
			buildSettings = {
				ALWAYS_SEARCH_USER_PATHS = NO;
				CLANG_ANALYZER_NONNULL = YES;
				CLANG_ANALYZER_NUMBER_OBJECT_CONVERSION = YES_AGGRESSIVE;
				CLANG_CXX_LANGUAGE_STANDARD = "gnu++14";
				CLANG_CXX_LIBRARY = "libc++";
				CLANG_ENABLE_MODULES = YES;
				CLANG_ENABLE_OBJC_ARC = YES;
				CLANG_ENABLE_OBJC_WEAK = YES;
				CLANG_WARN_BLOCK_CAPTURE_AUTORELEASING = YES;
				CLANG_WARN_BOOL_CONVERSION = YES;
				CLANG_WARN_COMMA = YES;
				CLANG_WARN_CONSTANT_CONVERSION = YES;
				CLANG_WARN_DEPRECATED_OBJC_IMPLEMENTATIONS = YES;
				CLANG_WARN_DIRECT_OBJC_ISA_USAGE = YES_ERROR;
				CLANG_WARN_DOCUMENTATION_COMMENTS = YES;
				CLANG_WARN_EMPTY_BODY = YES;
				CLANG_WARN_ENUM_CONVERSION = YES;
				CLANG_WARN_INFINITE_RECURSION = YES;
				CLANG_WARN_INT_CONVERSION = YES;
				CLANG_WARN_NON_LITERAL_NULL_CONVERSION = YES;
				CLANG_WARN_OBJC_IMPLICIT_RETAIN_SELF = YES;
				CLANG_WARN_OBJC_LITERAL_CONVERSION = YES;
				CLANG_WARN_OBJC_ROOT_CLASS = YES_ERROR;
				CLANG_WARN_QUOTED_INCLUDE_IN_FRAMEWORK_HEADER = YES;
				CLANG_WARN_RANGE_LOOP_ANALYSIS = YES;
				CLANG_WARN_STRICT_PROTOTYPES = YES;
				CLANG_WARN_SUSPICIOUS_MOVE = YES;
				CLANG_WARN_UNGUARDED_AVAILABILITY = YES_AGGRESSIVE;
				CLANG_WARN_UNREACHABLE_CODE = YES;
				CLANG_WARN__DUPLICATE_METHOD_MATCH = YES;
				COPY_PHASE_STRIP = NO;
				DEBUG_INFORMATION_FORMAT = "dwarf-with-dsym";
				ENABLE_NS_ASSERTIONS = NO;
				ENABLE_STRICT_OBJC_MSGSEND = YES;
				GCC_C_LANGUAGE_STANDARD = gnu11;
				GCC_NO_COMMON_BLOCKS = YES;
				GCC_WARN_64_TO_32_BIT_CONVERSION = YES;
				GCC_WARN_ABOUT_RETURN_TYPE = YES_ERROR;
				GCC_WARN_UNDECLARED_SELECTOR = YES;
				GCC_WARN_UNINITIALIZED_AUTOS = YES_AGGRESSIVE;
				GCC_WARN_UNUSED_FUNCTION = YES;
				GCC_WARN_UNUSED_VARIABLE = YES;
				IPHONEOS_DEPLOYMENT_TARGET = 14.4;
				MTL_ENABLE_DEBUG_INFO = NO;
				MTL_FAST_MATH = YES;
				SDKROOT = iphoneos;
				SWIFT_COMPILATION_MODE = wholemodule;
				SWIFT_OPTIMIZATION_LEVEL = "-O";
				VALIDATE_PRODUCT = YES;
			};
			name = Release;
		};
		CA137260299B6115003377ED /* Debug */ = {
			isa = XCBuildConfiguration;
			baseConfigurationReference = C13E92ED4F586E55648ABC70 /* Pods-coredata_example.debug.xcconfig */;
			buildSettings = {
				ASSETCATALOG_COMPILER_APPICON_NAME = AppIcon;
				ASSETCATALOG_COMPILER_GLOBAL_ACCENT_COLOR_NAME = AccentColor;
				CODE_SIGN_STYLE = Automatic;
				DEVELOPMENT_ASSET_PATHS = "\"coredata_example/Preview Content\"";
				DEVELOPMENT_TEAM = 95563VRD3R;
				ENABLE_PREVIEWS = YES;
				INFOPLIST_FILE = coredata_example/Info.plist;
				IPHONEOS_DEPLOYMENT_TARGET = 14.0;
				LD_RUNPATH_SEARCH_PATHS = (
					"$(inherited)",
					"@executable_path/Frameworks",
				);
				PRODUCT_BUNDLE_IDENTIFIER = "com.codersdc.coredata-example";
				PRODUCT_NAME = "$(TARGET_NAME)";
				SWIFT_VERSION = 5.0;
				TARGETED_DEVICE_FAMILY = "1,2";
			};
			name = Debug;
		};
		CA137261299B6115003377ED /* Release */ = {
			isa = XCBuildConfiguration;
			baseConfigurationReference = 6B2C2D4BD5482D78BB1C95F9 /* Pods-coredata_example.release.xcconfig */;
			buildSettings = {
				ASSETCATALOG_COMPILER_APPICON_NAME = AppIcon;
				ASSETCATALOG_COMPILER_GLOBAL_ACCENT_COLOR_NAME = AccentColor;
				CODE_SIGN_STYLE = Automatic;
				DEVELOPMENT_ASSET_PATHS = "\"coredata_example/Preview Content\"";
				DEVELOPMENT_TEAM = 95563VRD3R;
				ENABLE_PREVIEWS = YES;
				INFOPLIST_FILE = coredata_example/Info.plist;
				IPHONEOS_DEPLOYMENT_TARGET = 14.0;
				LD_RUNPATH_SEARCH_PATHS = (
					"$(inherited)",
					"@executable_path/Frameworks",
				);
				PRODUCT_BUNDLE_IDENTIFIER = "com.codersdc.coredata-example";
				PRODUCT_NAME = "$(TARGET_NAME)";
				SWIFT_VERSION = 5.0;
				TARGETED_DEVICE_FAMILY = "1,2";
			};
			name = Release;
		};
/* End XCBuildConfiguration section */

/* Begin XCConfigurationList section */
		CA13724B299B6114003377ED /* Build configuration list for PBXProject "coredata_example" */ = {
			isa = XCConfigurationList;
			buildConfigurations = (
				CA13725D299B6115003377ED /* Debug */,
				CA13725E299B6115003377ED /* Release */,
			);
			defaultConfigurationIsVisible = 0;
			defaultConfigurationName = Release;
		};
		CA13725F299B6115003377ED /* Build configuration list for PBXNativeTarget "coredata_example" */ = {
			isa = XCConfigurationList;
			buildConfigurations = (
				CA137260299B6115003377ED /* Debug */,
				CA137261299B6115003377ED /* Release */,
			);
			defaultConfigurationIsVisible = 0;
			defaultConfigurationName = Release;
		};
/* End XCConfigurationList section */

/* Begin XCVersionGroup section */
		CA1372FB299BB396003377ED /* MenuDB.xcdatamodeld */ = {
			isa = XCVersionGroup;
			children = (
				CA1372FC299BB396003377ED /* ProductEntity.xcdatamodel */,
			);
			currentVersion = CA1372FC299BB396003377ED /* ProductEntity.xcdatamodel */;
			path = MenuDB.xcdatamodeld;
			sourceTree = "<group>";
			versionGroupType = wrapper.xcdatamodel;
		};
/* End XCVersionGroup section */
	};
	rootObject = CA137248299B6114003377ED /* Project object */;
}
